
Microsoft Visual Studio Solution File, Format Version 12.00
Project("{FAE04EC0-301F-11D3-BF4B-00C04F79EFBC}") = "MagpieFramework", "src\MagpieFramework\MagpieFramework.csproj", "{47FD391A-5702-40BF-83F9-FF8FB205A156}"
EndProject
Global
	GlobalSection(SolutionConfigurationPlatforms) = preSolution
		Debug|Any CPU = Debug|Any CPU
		Release|Any CPU = Release|Any CPU
	EndGlobalSection
	GlobalSection(ProjectConfigurationPlatforms) = postSolution
		{47FD391A-5702-40BF-83F9-FF8FB205A156}.Debug|Any CPU.ActiveCfg = Debug|Any CPU
		{47FD391A-5702-40BF-83F9-FF8FB205A156}.Debug|Any CPU.Build.0 = Debug|Any CPU
		{47FD391A-5702-40BF-83F9-FF8FB205A156}.Release|Any CPU.ActiveCfg = Release|Any CPU
		{47FD391A-5702-40BF-83F9-FF8FB205A156}.Release|Any CPU.Build.0 = Release|Any CPU
	EndGlobalSection
EndGlobal
